
Microsoft Visual Studio Solution File, Format Version 12.00
# Visual Studio Version 16
VisualStudioVersion = 16.0.29609.76
MinimumVisualStudioVersion = 10.0.40219.1
Project("{8BC9CEB8-8B4A-11D0-8D11-00A0C91BC942}") = "Gaussian Blur", "Gaussian Blur\Gaussian Blur.vcxproj", "{E4AEABA5-072A-4412-A774-D0E93D3F9D0D}"
EndProject
Global
	GlobalSection(SolutionConfigurationPlatforms) = preSolution
		Debug|x64 = Debug|x64
		Debug|x86 = Debug|x86
		Release|x64 = Release|x64
		Release|x86 = Release|x86
	EndGlobalSection
	GlobalSection(ProjectConfigurationPlatforms) = postSolution
		{E4AEABA5-072A-4412-A774-D0E93D3F9D0D}.Debug|x64.ActiveCfg = Debug|x64
		{E4AEABA5-072A-4412-A774-D0E93D3F9D0D}.Debug|x64.Build.0 = Debug|x64
		{E4AEABA5-072A-4412-A774-D0E93D3F9D0D}.Debug|x86.ActiveCfg = Debug|Win32
		{E4AEABA5-072A-4412-A774-D0E93D3F9D0D}.Debug|x86.Build.0 = Debug|Win32
		{E4AEABA5-072A-4412-A774-D0E93D3F9D0D}.Release|x64.ActiveCfg = Release|x64
		{E4AEABA5-072A-4412-A774-D0E93D3F9D0D}.Release|x64.Build.0 = Release|x64
		{E4AEABA5-072A-4412-A774-D0E93D3F9D0D}.Release|x86.ActiveCfg = Release|Win32
		{E4AEABA5-072A-4412-A774-D0E93D3F9D0D}.Release|x86.Build.0 = Release|Win32
	EndGlobalSection
	GlobalSection(SolutionProperties) = preSolution
		HideSolutionNode = FALSE
	EndGlobalSection
	GlobalSection(ExtensibilityGlobals) = postSolution
		SolutionGuid = {F4077D4B-8C26-4B50-8DE8-F35FC1568F0D}
	EndGlobalSection
EndGlobal
